
Microsoft Visual Studio Solution File, Format Version 12.00
# Visual Studio 15
VisualStudioVersion = 15.0.28010.2048
MinimumVisualStudioVersion = 10.0.40219.1
Project("{9A19103F-16F7-4668-BE54-9A1E7A4F7556}") = "MyIoc", "MyIoc\MyIoc.csproj", "{4D2EB7D1-8536-40B9-83E7-1F002179F6E4}"
EndProject
Project("{9A19103F-16F7-4668-BE54-9A1E7A4F7556}") = "IService", "IService\IService.csproj", "{1484501E-59BF-48F1-A608-5677426E46A7}"
EndProject
Project("{9A19103F-16F7-4668-BE54-9A1E7A4F7556}") = "Service", "Service\Service.csproj", "{3CD9B618-515C-4DE4-BE6B-CD885EB9DB94}"
EndProject
Project("{9A19103F-16F7-4668-BE54-9A1E7A4F7556}") = "LContainer", "LContainer\LContainer.csproj", "{9076CC3F-8EC8-432D-8A21-FDBACD0A31A4}"
EndProject
Global
	GlobalSection(SolutionConfigurationPlatforms) = preSolution
		Debug|Any CPU = Debug|Any CPU
		Release|Any CPU = Release|Any CPU
	EndGlobalSection
	GlobalSection(ProjectConfigurationPlatforms) = postSolution
		{4D2EB7D1-8536-40B9-83E7-1F002179F6E4}.Debug|Any CPU.ActiveCfg = Debug|Any CPU
		{4D2EB7D1-8536-40B9-83E7-1F002179F6E4}.Debug|Any CPU.Build.0 = Debug|Any CPU
		{4D2EB7D1-8536-40B9-83E7-1F002179F6E4}.Release|Any CPU.ActiveCfg = Release|Any CPU
		{4D2EB7D1-8536-40B9-83E7-1F002179F6E4}.Release|Any CPU.Build.0 = Release|Any CPU
		{1484501E-59BF-48F1-A608-5677426E46A7}.Debug|Any CPU.ActiveCfg = Debug|Any CPU
		{1484501E-59BF-48F1-A608-5677426E46A7}.Debug|Any CPU.Build.0 = Debug|Any CPU
		{1484501E-59BF-48F1-A608-5677426E46A7}.Release|Any CPU.ActiveCfg = Release|Any CPU
		{1484501E-59BF-48F1-A608-5677426E46A7}.Release|Any CPU.Build.0 = Release|Any CPU
		{3CD9B618-515C-4DE4-BE6B-CD885EB9DB94}.Debug|Any CPU.ActiveCfg = Debug|Any CPU
		{3CD9B618-515C-4DE4-BE6B-CD885EB9DB94}.Debug|Any CPU.Build.0 = Debug|Any CPU
		{3CD9B618-515C-4DE4-BE6B-CD885EB9DB94}.Release|Any CPU.ActiveCfg = Release|Any CPU
		{3CD9B618-515C-4DE4-BE6B-CD885EB9DB94}.Release|Any CPU.Build.0 = Release|Any CPU
		{9076CC3F-8EC8-432D-8A21-FDBACD0A31A4}.Debug|Any CPU.ActiveCfg = Debug|Any CPU
		{9076CC3F-8EC8-432D-8A21-FDBACD0A31A4}.Debug|Any CPU.Build.0 = Debug|Any CPU
		{9076CC3F-8EC8-432D-8A21-FDBACD0A31A4}.Release|Any CPU.ActiveCfg = Release|Any CPU
		{9076CC3F-8EC8-432D-8A21-FDBACD0A31A4}.Release|Any CPU.Build.0 = Release|Any CPU
	EndGlobalSection
	GlobalSection(SolutionProperties) = preSolution
		HideSolutionNode = FALSE
	EndGlobalSection
	GlobalSection(ExtensibilityGlobals) = postSolution
		SolutionGuid = {3D615E1E-EF63-435A-83FC-0FD409DCFAA9}
	EndGlobalSection
EndGlobal
